// !$*UTF8*$!
{
	archiveVersion = 1;
	classes = {
	};
	objectVersion = 55;
	objects = {

/* Begin PBXBuildFile section */
		DACA5C9F281CB07600BCDC0A /* AppDelegate.swift in Sources */ = {isa = PBXBuildFile; fileRef = DACA5C9E281CB07600BCDC0A /* AppDelegate.swift */; };
		DACA5CA1281CB07600BCDC0A /* SceneDelegate.swift in Sources */ = {isa = PBXBuildFile; fileRef = DACA5CA0281CB07600BCDC0A /* SceneDelegate.swift */; };
		DACA5CA3281CB07600BCDC0A /* ViewController.swift in Sources */ = {isa = PBXBuildFile; fileRef = DACA5CA2281CB07600BCDC0A /* ViewController.swift */; };
		DACA5CA6281CB07600BCDC0A /* Main.storyboard in Resources */ = {isa = PBXBuildFile; fileRef = DACA5CA4281CB07600BCDC0A /* Main.storyboard */; };
		DACA5CA8281CB07700BCDC0A /* Assets.xcassets in Resources */ = {isa = PBXBuildFile; fileRef = DACA5CA7281CB07700BCDC0A /* Assets.xcassets */; };
		DACA5CAB281CB07700BCDC0A /* LaunchScreen.storyboard in Resources */ = {isa = PBXBuildFile; fileRef = DACA5CA9281CB07700BCDC0A /* LaunchScreen.storyboard */; };
		DACA5CB3281CB1A100BCDC0A /* AddressTableViewCell.swift in Sources */ = {isa = PBXBuildFile; fileRef = DACA5CB2281CB1A100BCDC0A /* AddressTableViewCell.swift */; };
		DACA5CB5281CECEF00BCDC0A /* AutoComplete.swift in Sources */ = {isa = PBXBuildFile; fileRef = DACA5CB4281CECEF00BCDC0A /* AutoComplete.swift */; };
		DACA5CB7281CF04D00BCDC0A /* AddressFetcher.swift in Sources */ = {isa = PBXBuildFile; fileRef = DACA5CB6281CF04D00BCDC0A /* AddressFetcher.swift */; };
/* End PBXBuildFile section */

/* Begin PBXFileReference section */
		DACA5C9B281CB07600BCDC0A /* PleyHomeSearch.app */ = {isa = PBXFileReference; explicitFileType = wrapper.application; includeInIndex = 0; path = PleyHomeSearch.app; sourceTree = BUILT_PRODUCTS_DIR; };
		DACA5C9E281CB07600BCDC0A /* AppDelegate.swift */ = {isa = PBXFileReference; lastKnownFileType = sourcecode.swift; path = AppDelegate.swift; sourceTree = "<group>"; };
		DACA5CA0281CB07600BCDC0A /* SceneDelegate.swift */ = {isa = PBXFileReference; lastKnownFileType = sourcecode.swift; path = SceneDelegate.swift; sourceTree = "<group>"; };
		DACA5CA2281CB07600BCDC0A /* ViewController.swift */ = {isa = PBXFileReference; lastKnownFileType = sourcecode.swift; path = ViewController.swift; sourceTree = "<group>"; };
		DACA5CA5281CB07600BCDC0A /* Base */ = {isa = PBXFileReference; lastKnownFileType = file.storyboard; name = Base; path = Base.lproj/Main.storyboard; sourceTree = "<group>"; };
		DACA5CA7281CB07700BCDC0A /* Assets.xcassets */ = {isa = PBXFileReference; lastKnownFileType = folder.assetcatalog; path = Assets.xcassets; sourceTree = "<group>"; };
		DACA5CAA281CB07700BCDC0A /* Base */ = {isa = PBXFileReference; lastKnownFileType = file.storyboard; name = Base; path = Base.lproj/LaunchScreen.storyboard; sourceTree = "<group>"; };
		DACA5CAC281CB07700BCDC0A /* Info.plist */ = {isa = PBXFileReference; lastKnownFileType = text.plist.xml; path = Info.plist; sourceTree = "<group>"; };
		DACA5CB2281CB1A100BCDC0A /* AddressTableViewCell.swift */ = {isa = PBXFileReference; lastKnownFileType = sourcecode.swift; path = AddressTableViewCell.swift; sourceTree = "<group>"; };
		DACA5CB4281CECEF00BCDC0A /* AutoComplete.swift */ = {isa = PBXFileReference; lastKnownFileType = sourcecode.swift; path = AutoComplete.swift; sourceTree = "<group>"; };
		DACA5CB6281CF04D00BCDC0A /* AddressFetcher.swift */ = {isa = PBXFileReference; lastKnownFileType = sourcecode.swift; path = AddressFetcher.swift; sourceTree = "<group>"; };
/* End PBXFileReference section */

/* Begin PBXFrameworksBuildPhase section */
		DACA5C98281CB07600BCDC0A /* Frameworks */ = {
			isa = PBXFrameworksBuildPhase;
			buildActionMask = 2147483647;
			files = (
			);
			runOnlyForDeploymentPostprocessing = 0;
		};
/* End PBXFrameworksBuildPhase section */

/* Begin PBXGroup section */
		DACA5C92281CB07600BCDC0A = {
			isa = PBXGroup;
			children = (
				DACA5C9D281CB07600BCDC0A /* PleyHomeSearch */,
				DACA5C9C281CB07600BCDC0A /* Products */,
			);
			sourceTree = "<group>";
		};
		DACA5C9C281CB07600BCDC0A /* Products */ = {
			isa = PBXGroup;
			children = (
				DACA5C9B281CB07600BCDC0A /* PleyHomeSearch.app */,
			);
			name = Products;
			sourceTree = "<group>";
		};
		DACA5C9D281CB07600BCDC0A /* PleyHomeSearch */ = {
			isa = PBXGroup;
			children = (
				DACA5C9E281CB07600BCDC0A /* AppDelegate.swift */,
				DACA5CA0281CB07600BCDC0A /* SceneDelegate.swift */,
				DACA5CA2281CB07600BCDC0A /* ViewController.swift */,
				DACA5CA4281CB07600BCDC0A /* Main.storyboard */,
				DACA5CA7281CB07700BCDC0A /* Assets.xcassets */,
				DACA5CA9281CB07700BCDC0A /* LaunchScreen.storyboard */,
				DACA5CAC281CB07700BCDC0A /* Info.plist */,
				DACA5CB2281CB1A100BCDC0A /* AddressTableViewCell.swift */,
				DACA5CB4281CECEF00BCDC0A /* AutoComplete.swift */,
				DACA5CB6281CF04D00BCDC0A /* AddressFetcher.swift */,
			);
			path = PleyHomeSearch;
			sourceTree = "<group>";
		};
/* End PBXGroup section */

/* Begin PBXNativeTarget section */
		DACA5C9A281CB07600BCDC0A /* PleyHomeSearch */ = {
			isa = PBXNativeTarget;
			buildConfigurationList = DACA5CAF281CB07700BCDC0A /* Build configuration list for PBXNativeTarget "PleyHomeSearch" */;
			buildPhases = (
				DACA5C97281CB07600BCDC0A /* Sources */,
				DACA5C98281CB07600BCDC0A /* Frameworks */,
				DACA5C99281CB07600BCDC0A /* Resources */,
			);
			buildRules = (
			);
			dependencies = (
			);
			name = PleyHomeSearch;
			productName = PleyHomeSearch;
			productReference = DACA5C9B281CB07600BCDC0A /* PleyHomeSearch.app */;
			productType = "com.apple.product-type.application";
		};
/* End PBXNativeTarget section */

/* Begin PBXProject section */
		DACA5C93281CB07600BCDC0A /* Project object */ = {
			isa = PBXProject;
			attributes = {
				BuildIndependentTargetsInParallel = 1;
				LastSwiftUpdateCheck = 1330;
				LastUpgradeCheck = 1330;
				TargetAttributes = {
					DACA5C9A281CB07600BCDC0A = {
						CreatedOnToolsVersion = 13.3.1;
					};
				};
			};
			buildConfigurationList = DACA5C96281CB07600BCDC0A /* Build configuration list for PBXProject "PleyHomeSearch" */;
			compatibilityVersion = "Xcode 13.0";
			developmentRegion = en;
			hasScannedForEncodings = 0;
			knownRegions = (
				en,
				Base,
			);
			mainGroup = DACA5C92281CB07600BCDC0A;
			productRefGroup = DACA5C9C281CB07600BCDC0A /* Products */;
			projectDirPath = "";
			projectRoot = "";
			targets = (
				DACA5C9A281CB07600BCDC0A /* PleyHomeSearch */,
			);
		};
/* End PBXProject section */

/* Begin PBXResourcesBuildPhase section */
		DACA5C99281CB07600BCDC0A /* Resources */ = {
			isa = PBXResourcesBuildPhase;
			buildActionMask = 2147483647;
			files = (
				DACA5CAB281CB07700BCDC0A /* LaunchScreen.storyboard in Resources */,
				DACA5CA8281CB07700BCDC0A /* Assets.xcassets in Resources */,
				DACA5CA6281CB07600BCDC0A /* Main.storyboard in Resources */,
			);
			runOnlyForDeploymentPostprocessing = 0;
		};
/* End PBXResourcesBuildPhase section */

/* Begin PBXSourcesBuildPhase section */
		DACA5C97281CB07600BCDC0A /* Sources */ = {
			isa = PBXSourcesBuildPhase;
			buildActionMask = 2147483647;
			files = (
				DACA5CB7281CF04D00BCDC0A /* AddressFetcher.swift in Sources */,
				DACA5CB5281CECEF00BCDC0A /* AutoComplete.swift in Sources */,
				DACA5CA3281CB07600BCDC0A /* ViewController.swift in Sources */,
				DACA5C9F281CB07600BCDC0A /* AppDelegate.swift in Sources */,
				DACA5CB3281CB1A100BCDC0A /* AddressTableViewCell.swift in Sources */,
				DACA5CA1281CB07600BCDC0A /* SceneDelegate.swift in Sources */,
			);
			runOnlyForDeploymentPostprocessing = 0;
		};
/* End PBXSourcesBuildPhase section */

/* Begin PBXVariantGroup section */
		DACA5CA4281CB07600BCDC0A /* Main.storyboard */ = {
			isa = PBXVariantGroup;
			children = (
				DACA5CA5281CB07600BCDC0A /* Base */,
			);
			name = Main.storyboard;
			sourceTree = "<group>";
		};
		DACA5CA9281CB07700BCDC0A /* LaunchScreen.storyboard */ = {
			isa = PBXVariantGroup;
			children = (
				DACA5CAA281CB07700BCDC0A /* Base */,
			);
			name = LaunchScreen.storyboard;
			sourceTree = "<group>";
		};
/* End PBXVariantGroup section */

/* Begin XCBuildConfiguration section */
		DACA5CAD281CB07700BCDC0A /* Debug */ = {
			isa = XCBuildConfiguration;
			buildSettings = {
				ALWAYS_SEARCH_USER_PATHS = NO;
				CLANG_ANALYZER_NONNULL = YES;
				CLANG_ANALYZER_NUMBER_OBJECT_CONVERSION = YES_AGGRESSIVE;
				CLANG_CXX_LANGUAGE_STANDARD = "gnu++17";
				CLANG_ENABLE_MODULES = YES;
				CLANG_ENABLE_OBJC_ARC = YES;
				CLANG_ENABLE_OBJC_WEAK = YES;
				CLANG_WARN_BLOCK_CAPTURE_AUTORELEASING = YES;
				CLANG_WARN_BOOL_CONVERSION = YES;
				CLANG_WARN_COMMA = YES;
				CLANG_WARN_CONSTANT_CONVERSION = YES;
				CLANG_WARN_DEPRECATED_OBJC_IMPLEMENTATIONS = YES;
				CLANG_WARN_DIRECT_OBJC_ISA_USAGE = YES_ERROR;
				CLANG_WARN_DOCUMENTATION_COMMENTS = YES;
				CLANG_WARN_EMPTY_BODY = YES;
				CLANG_WARN_ENUM_CONVERSION = YES;
				CLANG_WARN_INFINITE_RECURSION = YES;
				CLANG_WARN_INT_CONVERSION = YES;
				CLANG_WARN_NON_LITERAL_NULL_CONVERSION = YES;
				CLANG_WARN_OBJC_IMPLICIT_RETAIN_SELF = YES;
				CLANG_WARN_OBJC_LITERAL_CONVERSION = YES;
				CLANG_WARN_OBJC_ROOT_CLASS = YES_ERROR;
				CLANG_WARN_QUOTED_INCLUDE_IN_FRAMEWORK_HEADER = YES;
				CLANG_WARN_RANGE_LOOP_ANALYSIS = YES;
				CLANG_WARN_STRICT_PROTOTYPES = YES;
				CLANG_WARN_SUSPICIOUS_MOVE = YES;
				CLANG_WARN_UNGUARDED_AVAILABILITY = YES_AGGRESSIVE;
				CLANG_WARN_UNREACHABLE_CODE = YES;
				CLANG_WARN__DUPLICATE_METHOD_MATCH = YES;
				COPY_PHASE_STRIP = NO;
				DEBUG_INFORMATION_FORMAT = dwarf;
				ENABLE_STRICT_OBJC_MSGSEND = YES;
				ENABLE_TESTABILITY = YES;
				GCC_C_LANGUAGE_STANDARD = gnu11;
				GCC_DYNAMIC_NO_PIC = NO;
				GCC_NO_COMMON_BLOCKS = YES;
				GCC_OPTIMIZATION_LEVEL = 0;
				GCC_PREPROCESSOR_DEFINITIONS = (
					"DEBUG=1",
					"$(inherited)",
				);
				GCC_WARN_64_TO_32_BIT_CONVERSION = YES;
				GCC_WARN_ABOUT_RETURN_TYPE = YES_ERROR;
				GCC_WARN_UNDECLARED_SELECTOR = YES;
				GCC_WARN_UNINITIALIZED_AUTOS = YES_AGGRESSIVE;
				GCC_WARN_UNUSED_FUNCTION = YES;
				GCC_WARN_UNUSED_VARIABLE = YES;
				IPHONEOS_DEPLOYMENT_TARGET = 15.4;
				MTL_ENABLE_DEBUG_INFO = INCLUDE_SOURCE;
				MTL_FAST_MATH = YES;
				ONLY_ACTIVE_ARCH = YES;
				SDKROOT = iphoneos;
				SWIFT_ACTIVE_COMPILATION_CONDITIONS = DEBUG;
				SWIFT_OPTIMIZATION_LEVEL = "-Onone";
			};
			name = Debug;
		};
		DACA5CAE281CB07700BCDC0A /* Release */ = {
			isa = XCBuildConfiguration;
			buildSettings = {
				ALWAYS_SEARCH_USER_PATHS = NO;
				CLANG_ANALYZER_NONNULL = YES;
				CLANG_ANALYZER_NUMBER_OBJECT_CONVERSION = YES_AGGRESSIVE;
				CLANG_CXX_LANGUAGE_STANDARD = "gnu++17";
				CLANG_ENABLE_MODULES = YES;
				CLANG_ENABLE_OBJC_ARC = YES;
				CLANG_ENABLE_OBJC_WEAK = YES;
				CLANG_WARN_BLOCK_CAPTURE_AUTORELEASING = YES;
				CLANG_WARN_BOOL_CONVERSION = YES;
				CLANG_WARN_COMMA = YES;
				CLANG_WARN_CONSTANT_CONVERSION = YES;
				CLANG_WARN_DEPRECATED_OBJC_IMPLEMENTATIONS = YES;
				CLANG_WARN_DIRECT_OBJC_ISA_USAGE = YES_ERROR;
				CLANG_WARN_DOCUMENTATION_COMMENTS = YES;
				CLANG_WARN_EMPTY_BODY = YES;
				CLANG_WARN_ENUM_CONVERSION = YES;
				CLANG_WARN_INFINITE_RECURSION = YES;
				CLANG_WARN_INT_CONVERSION = YES;
				CLANG_WARN_NON_LITERAL_NULL_CONVERSION = YES;
				CLANG_WARN_OBJC_IMPLICIT_RETAIN_SELF = YES;
				CLANG_WARN_OBJC_LITERAL_CONVERSION = YES;
				CLANG_WARN_OBJC_ROOT_CLASS = YES_ERROR;
				CLANG_WARN_QUOTED_INCLUDE_IN_FRAMEWORK_HEADER = YES;
				CLANG_WARN_RANGE_LOOP_ANALYSIS = YES;
				CLANG_WARN_STRICT_PROTOTYPES = YES;
				CLANG_WARN_SUSPICIOUS_MOVE = YES;
				CLANG_WARN_UNGUARDED_AVAILABILITY = YES_AGGRESSIVE;
				CLANG_WARN_UNREACHABLE_CODE = YES;
				CLANG_WARN__DUPLICATE_METHOD_MATCH = YES;
				COPY_PHASE_STRIP = NO;
				DEBUG_INFORMATION_FORMAT = "dwarf-with-dsym";
				ENABLE_NS_ASSERTIONS = NO;
				ENABLE_STRICT_OBJC_MSGSEND = YES;
				GCC_C_LANGUAGE_STANDARD = gnu11;
				GCC_NO_COMMON_BLOCKS = YES;
				GCC_WARN_64_TO_32_BIT_CONVERSION = YES;
				GCC_WARN_ABOUT_RETURN_TYPE = YES_ERROR;
				GCC_WARN_UNDECLARED_SELECTOR = YES;
				GCC_WARN_UNINITIALIZED_AUTOS = YES_AGGRESSIVE;
				GCC_WARN_UNUSED_FUNCTION = YES;
				GCC_WARN_UNUSED_VARIABLE = YES;
				IPHONEOS_DEPLOYMENT_TARGET = 15.4;
				MTL_ENABLE_DEBUG_INFO = NO;
				MTL_FAST_MATH = YES;
				SDKROOT = iphoneos;
				SWIFT_COMPILATION_MODE = wholemodule;
				SWIFT_OPTIMIZATION_LEVEL = "-O";
				VALIDATE_PRODUCT = YES;
			};
			name = Release;
		};
		DACA5CB0281CB07700BCDC0A /* Debug */ = {
			isa = XCBuildConfiguration;
			buildSettings = {
				ASSETCATALOG_COMPILER_APPICON_NAME = AppIcon;
				ASSETCATALOG_COMPILER_GLOBAL_ACCENT_COLOR_NAME = AccentColor;
				CODE_SIGN_STYLE = Automatic;
				CURRENT_PROJECT_VERSION = 1;
				DEVELOPMENT_TEAM = R7SHSK6MNC;
				GENERATE_INFOPLIST_FILE = YES;
				INFOPLIST_FILE = PleyHomeSearch/Info.plist;
				INFOPLIST_KEY_UIApplicationSupportsIndirectInputEvents = YES;
				INFOPLIST_KEY_UILaunchStoryboardName = LaunchScreen;
				INFOPLIST_KEY_UIMainStoryboardFile = Main;
				INFOPLIST_KEY_UISupportedInterfaceOrientations_iPad = "UIInterfaceOrientationPortrait UIInterfaceOrientationPortraitUpsideDown UIInterfaceOrientationLandscapeLeft UIInterfaceOrientationLandscapeRight";
				INFOPLIST_KEY_UISupportedInterfaceOrientations_iPhone = "UIInterfaceOrientationPortrait UIInterfaceOrientationLandscapeLeft UIInterfaceOrientationLandscapeRight";
				LD_RUNPATH_SEARCH_PATHS = (
					"$(inherited)",
					"@executable_path/Frameworks",
				);
				MARKETING_VERSION = 1.0;
				PRODUCT_BUNDLE_IDENTIFIER = com.KinneyKare.PleyHomeSearch;
				PRODUCT_NAME = "$(TARGET_NAME)";
				SWIFT_EMIT_LOC_STRINGS = YES;
				SWIFT_VERSION = 5.0;
				TARGETED_DEVICE_FAMILY = "1,2";
			};
			name = Debug;
		};
		DACA5CB1281CB07700BCDC0A /* Release */ = {
			isa = XCBuildConfiguration;
			buildSettings = {
				ASSETCATALOG_COMPILER_APPICON_NAME = AppIcon;
				ASSETCATALOG_COMPILER_GLOBAL_ACCENT_COLOR_NAME = AccentColor;
				CODE_SIGN_STYLE = Automatic;
				CURRENT_PROJECT_VERSION = 1;
				DEVELOPMENT_TEAM = R7SHSK6MNC;
				GENERATE_INFOPLIST_FILE = YES;
				INFOPLIST_FILE = PleyHomeSearch/Info.plist;
				INFOPLIST_KEY_UIApplicationSupportsIndirectInputEvents = YES;
				INFOPLIST_KEY_UILaunchStoryboardName = LaunchScreen;
				INFOPLIST_KEY_UIMainStoryboardFile = Main;
				INFOPLIST_KEY_UISupportedInterfaceOrientations_iPad = "UIInterfaceOrientationPortrait UIInterfaceOrientationPortraitUpsideDown UIInterfaceOrientationLandscapeLeft UIInterfaceOrientationLandscapeRight";
				INFOPLIST_KEY_UISupportedInterfaceOrientations_iPhone = "UIInterfaceOrientationPortrait UIInterfaceOrientationLandscapeLeft UIInterfaceOrientationLandscapeRight";
				LD_RUNPATH_SEARCH_PATHS = (
					"$(inherited)",
					"@executable_path/Frameworks",
				);
				MARKETING_VERSION = 1.0;
				PRODUCT_BUNDLE_IDENTIFIER = com.KinneyKare.PleyHomeSearch;
				PRODUCT_NAME = "$(TARGET_NAME)";
				SWIFT_EMIT_LOC_STRINGS = YES;
				SWIFT_VERSION = 5.0;
				TARGETED_DEVICE_FAMILY = "1,2";
			};
			name = Release;
		};
/* End XCBuildConfiguration section */

/* Begin XCConfigurationList section */
		DACA5C96281CB07600BCDC0A /* Build configuration list for PBXProject "PleyHomeSearch" */ = {
			isa = XCConfigurationList;
			buildConfigurations = (
				DACA5CAD281CB07700BCDC0A /* Debug */,
				DACA5CAE281CB07700BCDC0A /* Release */,
			);
			defaultConfigurationIsVisible = 0;
			defaultConfigurationName = Release;
		};
		DACA5CAF281CB07700BCDC0A /* Build configuration list for PBXNativeTarget "PleyHomeSearch" */ = {
			isa = XCConfigurationList;
			buildConfigurations = (
				DACA5CB0281CB07700BCDC0A /* Debug */,
				DACA5CB1281CB07700BCDC0A /* Release */,
			);
			defaultConfigurationIsVisible = 0;
			defaultConfigurationName = Release;
		};
/* End XCConfigurationList section */
	};
	rootObject = DACA5C93281CB07600BCDC0A /* Project object */;
}
